{
  "lockfileVersion": 1,
  "configVersion": 0,
  "workspaces": {
    "": {
      "name": "server",
      "dependencies": {
        "@andrey/func": "^0.2.0",
        "CBuffer": "^2.2.0",
        "eventemitter3": "^5.0.1",
        "fs-extra": "^11.3.3",
        "typed-rpc": "^6.1.2",
      },
      "devDependencies": {
        "@types/bun": "latest",
        "@types/fs-extra": "^11.0.4",
      },
      "peerDependencies": {
        "typescript": "^5.9.2",
      },
    },
  },
  "packages": {
    "@andrey/func": ["@andrey/func@0.2.0", "http://asrv:4873/@andrey/func/-/func-0.2.0.tgz", { "peerDependencies": { "typescript": "^5.0.0" } }, "sha512-j6URpBeg65GH7IbTiEZIhkI2GOy6ayw7yxnr2gxnc1Nwc+GqFWGrqzaBqyiBt/l0Ltxe/W4m8ObuTPyum7I7DQ=="],

    "@types/bun": ["@types/bun@1.3.5", "http://asrv:4873/@types/bun/-/bun-1.3.5.tgz", { "dependencies": { "bun-types": "1.3.5" } }, "sha512-RnygCqNrd3srIPEWBd5LFeUYG7plCoH2Yw9WaZGyNmdTEei+gWaHqydbaIRkIkcbXwhBT94q78QljxN0Sk838w=="],

    "@types/fs-extra": ["@types/fs-extra@11.0.4", "http://asrv:4873/@types/fs-extra/-/fs-extra-11.0.4.tgz", { "dependencies": { "@types/jsonfile": "*", "@types/node": "*" } }, "sha512-yTbItCNreRooED33qjunPthRcSjERP1r4MqCZc7wv0u2sUkzTFp45tgUfS5+r7FrZPdmCCNflLhVSP/o+SemsQ=="],

    "@types/jsonfile": ["@types/jsonfile@6.1.4", "http://asrv:4873/@types/jsonfile/-/jsonfile-6.1.4.tgz", { "dependencies": { "@types/node": "*" } }, "sha512-D5qGUYwjvnNNextdU59/+fI+spnwtTFmyQP0h+PfIOSkNfpU6AOICUOkm4i0OnSk+NyjdPJrxCDro0sJsWlRpQ=="],

    "@types/node": ["@types/node@24.2.1", "http://asrv:4873/@types/node/-/node-24.2.1.tgz", { "dependencies": { "undici-types": "~7.10.0" } }, "sha512-DRh5K+ka5eJic8CjH7td8QpYEV6Zo10gfRkjHCO3weqZHWDtAaSTFtl4+VMqOJ4N5jcuhZ9/l+yy8rVgw7BQeQ=="],

    "CBuffer": ["CBuffer@2.2.0", "http://asrv:4873/CBuffer/-/CBuffer-2.2.0.tgz", {}, "sha512-dbfGsL/kaEA07tNX4NdUPwToq/elfc+4IbDnq5INOl+LmYlaAqfTXqwnDCfvUeYtO78Ts2WhaCOUn3bSZgDwZA=="],

    "bun-types": ["bun-types@1.3.5", "http://asrv:4873/bun-types/-/bun-types-1.3.5.tgz", { "dependencies": { "@types/node": "*" } }, "sha512-inmAYe2PFLs0SUbFOWSVD24sg1jFlMPxOjOSSCYqUgn4Hsc3rDc7dFvfVYjFPNHtov6kgUeulV4SxbuIV/stPw=="],

    "eventemitter3": ["eventemitter3@5.0.1", "http://asrv:4873/eventemitter3/-/eventemitter3-5.0.1.tgz", {}, "sha512-GWkBvjiSZK87ELrYOSESUYeVIc9mvLLf/nXalMOS5dYrgZq9o5OVkbZAVM06CVxYsCwH9BDZFPlQTlPA1j4ahA=="],

    "fs-extra": ["fs-extra@11.3.3", "http://asrv:4873/fs-extra/-/fs-extra-11.3.3.tgz", { "dependencies": { "graceful-fs": "^4.2.0", "jsonfile": "^6.0.1", "universalify": "^2.0.0" } }, "sha512-VWSRii4t0AFm6ixFFmLLx1t7wS1gh+ckoa84aOeapGum0h+EZd1EhEumSB+ZdDLnEPuucsVB9oB7cxJHap6Afg=="],

    "graceful-fs": ["graceful-fs@4.2.11", "http://asrv:4873/graceful-fs/-/graceful-fs-4.2.11.tgz", {}, "sha512-RbJ5/jmFcNNCcDV5o9eTnBLJ/HszWV0P73bc+Ff4nS/rJj+YaS6IGyiOL0VoBYX+l1Wrl3k63h/KrH+nhJ0XvQ=="],

    "jsonfile": ["jsonfile@6.2.0", "http://asrv:4873/jsonfile/-/jsonfile-6.2.0.tgz", { "dependencies": { "universalify": "^2.0.0" }, "optionalDependencies": { "graceful-fs": "^4.1.6" } }, "sha512-FGuPw30AdOIUTRMC2OMRtQV+jkVj2cfPqSeWXv1NEAJ1qZ5zb1X6z1mFhbfOB/iy3ssJCD+3KuZ8r8C3uVFlAg=="],

    "typed-rpc": ["typed-rpc@6.1.2", "http://asrv:4873/typed-rpc/-/typed-rpc-6.1.2.tgz", {}, "sha512-w8qRwZ56eIDb6sSgTPz2YrnvaXWa7dF9gyRX1A1P8aKA8gxWe2fCTcGlppcgjec9R+pcYD3OCdzDu/ssYrkNHg=="],

    "typescript": ["typescript@5.9.2", "http://asrv:4873/typescript/-/typescript-5.9.2.tgz", { "bin": { "tsc": "bin/tsc", "tsserver": "bin/tsserver" } }, "sha512-CWBzXQrc/qOkhidw1OzBTQuYRbfyxDXJMVJ1XNwUHGROVmuaeiEm3OslpZ1RV96d7SKKjZKrSJu3+t/xlw3R9A=="],

    "undici-types": ["undici-types@7.10.0", "http://asrv:4873/undici-types/-/undici-types-7.10.0.tgz", {}, "sha512-t5Fy/nfn+14LuOc2KNYg75vZqClpAiqscVvMygNnlsHBFpSXdJaYtXMcdNLpl/Qvc3P2cB3s6lOV51nqsFq4ag=="],

    "universalify": ["universalify@2.0.1", "http://asrv:4873/universalify/-/universalify-2.0.1.tgz", {}, "sha512-gptHNQghINnc/vTGIk0SOFGFNXw7JVrlRUtConJRlvaw6DuX0wO5Jeko9sWrMBhh+PsYAZ7oXAiOnf/UKogyiw=="],
  }
}
